packages:
  - name: dbt_utils
    package: dbt-labs/dbt_utils
    version: 1.1.1
  - name: dbt_profiler
    package: data-mie/dbt_profiler
    version: 0.8.1
  - name: dbt_expectations
    package: calogica/dbt_expectations
    version: 0.10.1
  - name: dbt_date
    package: calogica/dbt_date
    version: 0.10.1
sha1_hash: 6b2b742f00db8c66f9b132e2b6136f8fd33de912
